
Microsoft Visual Studio Solution File, Format Version 12.00
# Visual Studio 15
VisualStudioVersion = 15.0.26124.0
MinimumVisualStudioVersion = 15.0.26124.0
Project("{FAE04EC0-301F-11D3-BF4B-00C04F79EFBC}") = "Dominio", "Dominio\Dominio.csproj", "{29D74090-5E39-4351-9972-0963B5288AD7}"
EndProject
Project("{FAE04EC0-301F-11D3-BF4B-00C04F79EFBC}") = "Servicos", "Servicos\Servicos.csproj", "{8BA2ADE5-513B-437C-97EC-C72278E4B668}"
EndProject
Project("{FAE04EC0-301F-11D3-BF4B-00C04F79EFBC}") = "Infraestrutura", "Infraestrutura\Infraestrutura.csproj", "{422587CB-2D07-439B-BE43-212E8BB26B80}"
EndProject
Project("{2150E333-8FDC-42A3-9474-1A3956D46DE8}") = "Testes", "Testes", "{834CCA06-D4BE-4335-99E7-B1279CEAF899}"
EndProject
Project("{FAE04EC0-301F-11D3-BF4B-00C04F79EFBC}") = "Integracao", "Testes\Integracao\Integracao.csproj", "{B11D220D-0471-4FE1-BA68-2114AF7C1340}"
EndProject
Project("{FAE04EC0-301F-11D3-BF4B-00C04F79EFBC}") = "Unidade", "Testes\Unidade\Unidade.csproj", "{C9F8988B-3FB5-40A7-8685-895C43F97F1F}"
EndProject
Project("{FAE04EC0-301F-11D3-BF4B-00C04F79EFBC}") = "Api", "Api\Api.csproj", "{7A3ADEE0-FCEC-4BAC-A766-AEAB0401CCF5}"
EndProject
Global
	GlobalSection(SolutionConfigurationPlatforms) = preSolution
		Debug|Any CPU = Debug|Any CPU
		Debug|x64 = Debug|x64
		Debug|x86 = Debug|x86
		Release|Any CPU = Release|Any CPU
		Release|x64 = Release|x64
		Release|x86 = Release|x86
	EndGlobalSection
	GlobalSection(SolutionProperties) = preSolution
		HideSolutionNode = FALSE
	EndGlobalSection
	GlobalSection(ProjectConfigurationPlatforms) = postSolution
		{29D74090-5E39-4351-9972-0963B5288AD7}.Debug|Any CPU.ActiveCfg = Debug|Any CPU
		{29D74090-5E39-4351-9972-0963B5288AD7}.Debug|Any CPU.Build.0 = Debug|Any CPU
		{29D74090-5E39-4351-9972-0963B5288AD7}.Debug|x64.ActiveCfg = Debug|Any CPU
		{29D74090-5E39-4351-9972-0963B5288AD7}.Debug|x64.Build.0 = Debug|Any CPU
		{29D74090-5E39-4351-9972-0963B5288AD7}.Debug|x86.ActiveCfg = Debug|Any CPU
		{29D74090-5E39-4351-9972-0963B5288AD7}.Debug|x86.Build.0 = Debug|Any CPU
		{29D74090-5E39-4351-9972-0963B5288AD7}.Release|Any CPU.ActiveCfg = Release|Any CPU
		{29D74090-5E39-4351-9972-0963B5288AD7}.Release|Any CPU.Build.0 = Release|Any CPU
		{29D74090-5E39-4351-9972-0963B5288AD7}.Release|x64.ActiveCfg = Release|Any CPU
		{29D74090-5E39-4351-9972-0963B5288AD7}.Release|x64.Build.0 = Release|Any CPU
		{29D74090-5E39-4351-9972-0963B5288AD7}.Release|x86.ActiveCfg = Release|Any CPU
		{29D74090-5E39-4351-9972-0963B5288AD7}.Release|x86.Build.0 = Release|Any CPU
		{8BA2ADE5-513B-437C-97EC-C72278E4B668}.Debug|Any CPU.ActiveCfg = Debug|Any CPU
		{8BA2ADE5-513B-437C-97EC-C72278E4B668}.Debug|Any CPU.Build.0 = Debug|Any CPU
		{8BA2ADE5-513B-437C-97EC-C72278E4B668}.Debug|x64.ActiveCfg = Debug|Any CPU
		{8BA2ADE5-513B-437C-97EC-C72278E4B668}.Debug|x64.Build.0 = Debug|Any CPU
		{8BA2ADE5-513B-437C-97EC-C72278E4B668}.Debug|x86.ActiveCfg = Debug|Any CPU
		{8BA2ADE5-513B-437C-97EC-C72278E4B668}.Debug|x86.Build.0 = Debug|Any CPU
		{8BA2ADE5-513B-437C-97EC-C72278E4B668}.Release|Any CPU.ActiveCfg = Release|Any CPU
		{8BA2ADE5-513B-437C-97EC-C72278E4B668}.Release|Any CPU.Build.0 = Release|Any CPU
		{8BA2ADE5-513B-437C-97EC-C72278E4B668}.Release|x64.ActiveCfg = Release|Any CPU
		{8BA2ADE5-513B-437C-97EC-C72278E4B668}.Release|x64.Build.0 = Release|Any CPU
		{8BA2ADE5-513B-437C-97EC-C72278E4B668}.Release|x86.ActiveCfg = Release|Any CPU
		{8BA2ADE5-513B-437C-97EC-C72278E4B668}.Release|x86.Build.0 = Release|Any CPU
		{422587CB-2D07-439B-BE43-212E8BB26B80}.Debug|Any CPU.ActiveCfg = Debug|Any CPU
		{422587CB-2D07-439B-BE43-212E8BB26B80}.Debug|Any CPU.Build.0 = Debug|Any CPU
		{422587CB-2D07-439B-BE43-212E8BB26B80}.Debug|x64.ActiveCfg = Debug|Any CPU
		{422587CB-2D07-439B-BE43-212E8BB26B80}.Debug|x64.Build.0 = Debug|Any CPU
		{422587CB-2D07-439B-BE43-212E8BB26B80}.Debug|x86.ActiveCfg = Debug|Any CPU
		{422587CB-2D07-439B-BE43-212E8BB26B80}.Debug|x86.Build.0 = Debug|Any CPU
		{422587CB-2D07-439B-BE43-212E8BB26B80}.Release|Any CPU.ActiveCfg = Release|Any CPU
		{422587CB-2D07-439B-BE43-212E8BB26B80}.Release|Any CPU.Build.0 = Release|Any CPU
		{422587CB-2D07-439B-BE43-212E8BB26B80}.Release|x64.ActiveCfg = Release|Any CPU
		{422587CB-2D07-439B-BE43-212E8BB26B80}.Release|x64.Build.0 = Release|Any CPU
		{422587CB-2D07-439B-BE43-212E8BB26B80}.Release|x86.ActiveCfg = Release|Any CPU
		{422587CB-2D07-439B-BE43-212E8BB26B80}.Release|x86.Build.0 = Release|Any CPU
		{B11D220D-0471-4FE1-BA68-2114AF7C1340}.Debug|Any CPU.ActiveCfg = Debug|Any CPU
		{B11D220D-0471-4FE1-BA68-2114AF7C1340}.Debug|Any CPU.Build.0 = Debug|Any CPU
		{B11D220D-0471-4FE1-BA68-2114AF7C1340}.Debug|x64.ActiveCfg = Debug|Any CPU
		{B11D220D-0471-4FE1-BA68-2114AF7C1340}.Debug|x64.Build.0 = Debug|Any CPU
		{B11D220D-0471-4FE1-BA68-2114AF7C1340}.Debug|x86.ActiveCfg = Debug|Any CPU
		{B11D220D-0471-4FE1-BA68-2114AF7C1340}.Debug|x86.Build.0 = Debug|Any CPU
		{B11D220D-0471-4FE1-BA68-2114AF7C1340}.Release|Any CPU.ActiveCfg = Release|Any CPU
		{B11D220D-0471-4FE1-BA68-2114AF7C1340}.Release|Any CPU.Build.0 = Release|Any CPU
		{B11D220D-0471-4FE1-BA68-2114AF7C1340}.Release|x64.ActiveCfg = Release|Any CPU
		{B11D220D-0471-4FE1-BA68-2114AF7C1340}.Release|x64.Build.0 = Release|Any CPU
		{B11D220D-0471-4FE1-BA68-2114AF7C1340}.Release|x86.ActiveCfg = Release|Any CPU
		{B11D220D-0471-4FE1-BA68-2114AF7C1340}.Release|x86.Build.0 = Release|Any CPU
		{C9F8988B-3FB5-40A7-8685-895C43F97F1F}.Debug|Any CPU.ActiveCfg = Debug|Any CPU
		{C9F8988B-3FB5-40A7-8685-895C43F97F1F}.Debug|Any CPU.Build.0 = Debug|Any CPU
		{C9F8988B-3FB5-40A7-8685-895C43F97F1F}.Debug|x64.ActiveCfg = Debug|Any CPU
		{C9F8988B-3FB5-40A7-8685-895C43F97F1F}.Debug|x64.Build.0 = Debug|Any CPU
		{C9F8988B-3FB5-40A7-8685-895C43F97F1F}.Debug|x86.ActiveCfg = Debug|Any CPU
		{C9F8988B-3FB5-40A7-8685-895C43F97F1F}.Debug|x86.Build.0 = Debug|Any CPU
		{C9F8988B-3FB5-40A7-8685-895C43F97F1F}.Release|Any CPU.ActiveCfg = Release|Any CPU
		{C9F8988B-3FB5-40A7-8685-895C43F97F1F}.Release|Any CPU.Build.0 = Release|Any CPU
		{C9F8988B-3FB5-40A7-8685-895C43F97F1F}.Release|x64.ActiveCfg = Release|Any CPU
		{C9F8988B-3FB5-40A7-8685-895C43F97F1F}.Release|x64.Build.0 = Release|Any CPU
		{C9F8988B-3FB5-40A7-8685-895C43F97F1F}.Release|x86.ActiveCfg = Release|Any CPU
		{C9F8988B-3FB5-40A7-8685-895C43F97F1F}.Release|x86.Build.0 = Release|Any CPU
		{7A3ADEE0-FCEC-4BAC-A766-AEAB0401CCF5}.Debug|Any CPU.ActiveCfg = Debug|Any CPU
		{7A3ADEE0-FCEC-4BAC-A766-AEAB0401CCF5}.Debug|Any CPU.Build.0 = Debug|Any CPU
		{7A3ADEE0-FCEC-4BAC-A766-AEAB0401CCF5}.Debug|x64.ActiveCfg = Debug|Any CPU
		{7A3ADEE0-FCEC-4BAC-A766-AEAB0401CCF5}.Debug|x64.Build.0 = Debug|Any CPU
		{7A3ADEE0-FCEC-4BAC-A766-AEAB0401CCF5}.Debug|x86.ActiveCfg = Debug|Any CPU
		{7A3ADEE0-FCEC-4BAC-A766-AEAB0401CCF5}.Debug|x86.Build.0 = Debug|Any CPU
		{7A3ADEE0-FCEC-4BAC-A766-AEAB0401CCF5}.Release|Any CPU.ActiveCfg = Release|Any CPU
		{7A3ADEE0-FCEC-4BAC-A766-AEAB0401CCF5}.Release|Any CPU.Build.0 = Release|Any CPU
		{7A3ADEE0-FCEC-4BAC-A766-AEAB0401CCF5}.Release|x64.ActiveCfg = Release|Any CPU
		{7A3ADEE0-FCEC-4BAC-A766-AEAB0401CCF5}.Release|x64.Build.0 = Release|Any CPU
		{7A3ADEE0-FCEC-4BAC-A766-AEAB0401CCF5}.Release|x86.ActiveCfg = Release|Any CPU
		{7A3ADEE0-FCEC-4BAC-A766-AEAB0401CCF5}.Release|x86.Build.0 = Release|Any CPU
	EndGlobalSection
	GlobalSection(NestedProjects) = preSolution
		{B11D220D-0471-4FE1-BA68-2114AF7C1340} = {834CCA06-D4BE-4335-99E7-B1279CEAF899}
		{C9F8988B-3FB5-40A7-8685-895C43F97F1F} = {834CCA06-D4BE-4335-99E7-B1279CEAF899}
	EndGlobalSection
EndGlobal
